
Microsoft Visual Studio Solution File, Format Version 12.00
# Visual Studio Version 17
VisualStudioVersion = 17.13.35931.197 d17.13
MinimumVisualStudioVersion = 10.0.40219.1
Project("{FAE04EC0-301F-11D3-BF4B-00C04F79EFBC}") = "AlgorithmsLibrary", "AlgorithmsLibrary.csproj", "{090856CB-2B77-46AC-A481-5597BC2240C6}"
EndProject
Project("{2150E333-8FDC-42A3-9474-1A3956D46DE8}") = "Library", "Library", "{02EA681E-C7D8-13C7-8484-4AC65E1B71E8}"
EndProject
Project("{2150E333-8FDC-42A3-9474-1A3956D46DE8}") = "AlgorithmsLibrary", "AlgorithmsLibrary", "{197D495D-8EEE-4851-92D3-B2B14FDE4046}"
EndProject
Project("{2150E333-8FDC-42A3-9474-1A3956D46DE8}") = "Runner", "Runner", "{94618A35-063D-499A-8D61-7E6D8C81DECC}"
EndProject
Project("{2150E333-8FDC-42A3-9474-1A3956D46DE8}") = "AlgorithmsRunner", "AlgorithmsRunner", "{CF0BCB70-D4C4-4965-9AB6-B34A550A63B1}"
EndProject
Project("{2150E333-8FDC-42A3-9474-1A3956D46DE8}") = "01_Sorting", "01_Sorting", "{F9A7288E-B0DF-43C8-A767-134D53EF3C14}"
	ProjectSection(SolutionItems) = preProject
		BubbleSort.cs = BubbleSort.cs
		CountingSort.cs = CountingSort.cs
		HeapSort.cs = HeapSort.cs
		InsertionSort.cs = InsertionSort.cs
		MergeSort.cs = MergeSort.cs
		QuickSort.cs = QuickSort.cs
		RadixSort.cs = RadixSort.cs
		SelectionSort.cs = SelectionSort.cs
	EndProjectSection
EndProject
Project("{2150E333-8FDC-42A3-9474-1A3956D46DE8}") = "03_Recursion", "03_Recursion", "{7ECD4458-F62E-4919-9DFB-CEAF43D89A88}"
EndProject
Project("{2150E333-8FDC-42A3-9474-1A3956D46DE8}") = "04_DataStructures", "04_DataStructures", "{5B8B439C-E71E-4679-A44B-60F0B8179266}"
EndProject
Project("{2150E333-8FDC-42A3-9474-1A3956D46DE8}") = "05_DynamicProgramming", "05_DynamicProgramming", "{CE9B3519-372E-4299-B22F-4EAA8B6B4071}"
EndProject
Project("{2150E333-8FDC-42A3-9474-1A3956D46DE8}") = "06_Graphs", "06_Graphs", "{2DA7339C-F388-4479-AF75-C5486934E159}"
EndProject
Project("{2150E333-8FDC-42A3-9474-1A3956D46DE8}") = "07_Strings", "07_Strings", "{BC05F786-AEC6-4710-8E60-36DFF43430E6}"
EndProject
Project("{2150E333-8FDC-42A3-9474-1A3956D46DE8}") = "08_Cryptography", "08_Cryptography", "{6285CD81-0D43-459C-8BF1-500AD01A7DA7}"
EndProject
Project("{2150E333-8FDC-42A3-9474-1A3956D46DE8}") = "09_Advanced", "09_Advanced", "{A96FB613-28A4-4980-918D-117290903D1D}"
EndProject
Project("{2150E333-8FDC-42A3-9474-1A3956D46DE8}") = "02_Searching", "02_Searching", "{058375BB-A767-46E8-B1EF-1A08AC4B8845}"
EndProject
Project("{FAE04EC0-301F-11D3-BF4B-00C04F79EFBC}") = "AlgorithmsTest", "..\AlgorithmsTest\AlgorithmsTest.csproj", "{D0965609-6141-4D75-B127-753D720A368B}"
EndProject
Global
	GlobalSection(SolutionConfigurationPlatforms) = preSolution
		Debug|Any CPU = Debug|Any CPU
		Release|Any CPU = Release|Any CPU
	EndGlobalSection
	GlobalSection(ProjectConfigurationPlatforms) = postSolution
		{090856CB-2B77-46AC-A481-5597BC2240C6}.Debug|Any CPU.ActiveCfg = Debug|Any CPU
		{090856CB-2B77-46AC-A481-5597BC2240C6}.Debug|Any CPU.Build.0 = Debug|Any CPU
		{090856CB-2B77-46AC-A481-5597BC2240C6}.Release|Any CPU.ActiveCfg = Release|Any CPU
		{090856CB-2B77-46AC-A481-5597BC2240C6}.Release|Any CPU.Build.0 = Release|Any CPU
		{D0965609-6141-4D75-B127-753D720A368B}.Debug|Any CPU.ActiveCfg = Debug|Any CPU
		{D0965609-6141-4D75-B127-753D720A368B}.Debug|Any CPU.Build.0 = Debug|Any CPU
		{D0965609-6141-4D75-B127-753D720A368B}.Release|Any CPU.ActiveCfg = Release|Any CPU
		{D0965609-6141-4D75-B127-753D720A368B}.Release|Any CPU.Build.0 = Release|Any CPU
	EndGlobalSection
	GlobalSection(SolutionProperties) = preSolution
		HideSolutionNode = FALSE
	EndGlobalSection
	GlobalSection(NestedProjects) = preSolution
		{197D495D-8EEE-4851-92D3-B2B14FDE4046} = {02EA681E-C7D8-13C7-8484-4AC65E1B71E8}
		{CF0BCB70-D4C4-4965-9AB6-B34A550A63B1} = {94618A35-063D-499A-8D61-7E6D8C81DECC}
		{F9A7288E-B0DF-43C8-A767-134D53EF3C14} = {197D495D-8EEE-4851-92D3-B2B14FDE4046}
		{7ECD4458-F62E-4919-9DFB-CEAF43D89A88} = {197D495D-8EEE-4851-92D3-B2B14FDE4046}
		{5B8B439C-E71E-4679-A44B-60F0B8179266} = {197D495D-8EEE-4851-92D3-B2B14FDE4046}
		{CE9B3519-372E-4299-B22F-4EAA8B6B4071} = {197D495D-8EEE-4851-92D3-B2B14FDE4046}
		{2DA7339C-F388-4479-AF75-C5486934E159} = {197D495D-8EEE-4851-92D3-B2B14FDE4046}
		{BC05F786-AEC6-4710-8E60-36DFF43430E6} = {197D495D-8EEE-4851-92D3-B2B14FDE4046}
		{6285CD81-0D43-459C-8BF1-500AD01A7DA7} = {197D495D-8EEE-4851-92D3-B2B14FDE4046}
		{A96FB613-28A4-4980-918D-117290903D1D} = {197D495D-8EEE-4851-92D3-B2B14FDE4046}
		{058375BB-A767-46E8-B1EF-1A08AC4B8845} = {197D495D-8EEE-4851-92D3-B2B14FDE4046}
	EndGlobalSection
	GlobalSection(ExtensibilityGlobals) = postSolution
		SolutionGuid = {A1A2C13B-E464-4660-843D-E00E81775826}
	EndGlobalSection
EndGlobal
